<?xml version="1.0" encoding="utf-8"?>
<Project ToolsVersion="4.0" xmlns="http://schemas.microsoft.com/developer/msbuild/2003">
  <ItemGroup>
    <Filter Include="Source Files">
      <UniqueIdentifier>{4FC737F1-C7A5-4376-A066-2A32D752A2FF}</UniqueIdentifier>
      <Extensions>cpp;c;cc;cxx;def;odl;idl;hpj;bat;asm;asmx</Extensions>
    </Filter>
    <Filter Include="Header Files">
      <UniqueIdentifier>{93995380-89BD-4b04-88EB-625FBE52EBFB}</UniqueIdentifier>
      <Extensions>h;hpp;hxx;hm;inl;inc;xsd</Extensions>
    </Filter>
    <Filter Include="Resource Files">
      <UniqueIdentifier>{67DA6AB6-F800-4c08-8B7A-83BB121AAD01}</UniqueIdentifier>
      <Extensions>rc;ico;cur;bmp;dlg;rc2;rct;bin;rgs;gif;jpg;jpeg;jpe;resx;tiff;tif;png;wav;mfcribbon-ms</Extensions>
    </Filter>
    <Filter Include="Misc">
      <UniqueIdentifier>{426a567c-07d8-4a2a-9cb8-33cbb48faac5}</UniqueIdentifier>
    </Filter>
    <Filter Include="Windows">
      <UniqueIdentifier>{42e11d78-4d7f-4b9a-adfa-924238b6dfce}</UniqueIdentifier>
    </Filter>
    <Filter Include="Misc\VS-files">
      <UniqueIdentifier>{cc3ca0b3-aa88-4942-b3d1-c6cce4836355}</UniqueIdentifier>
    </Filter>
    <Filter Include="Events">
      <UniqueIdentifier>{7e3a9388-2aa0-4de1-8b85-cf1191310ac8}</UniqueIdentifier>
    </Filter>
    <Filter Include="Tasks">
      <UniqueIdentifier>{01bca58e-31d9-4b4c-bcab-b4ad13dabf12}</UniqueIdentifier>
    </Filter>
    <Filter Include="Graphics">
      <UniqueIdentifier>{0d726f92-e0ed-48c3-8a37-9278fe5bcb16}</UniqueIdentifier>
    </Filter>
    <Filter Include="Graphics\Animation">
      <UniqueIdentifier>{5b18c627-f3bd-488b-9fb6-6661b1f6f9d6}</UniqueIdentifier>
    </Filter>
    <Filter Include="Graphics\Particle">
      <UniqueIdentifier>{f960d350-b539-43c2-a5bf-db67bb3c3253}</UniqueIdentifier>
    </Filter>
    <Filter Include="Files">
      <UniqueIdentifier>{7f7ae27d-7b30-48a8-80f3-31edbb6c9802}</UniqueIdentifier>
    </Filter>
    <Filter Include="Files\Config">
      <UniqueIdentifier>{34cf9985-ce0d-4836-b07f-0729dbf6cf89}</UniqueIdentifier>
    </Filter>
    <Filter Include="Files\Logger">
      <UniqueIdentifier>{cbe7d6a6-8625-4c92-b442-8fb8bc69df34}</UniqueIdentifier>
    </Filter>
    <Filter Include="Utils">
      <UniqueIdentifier>{c9711ced-eae9-45d5-b822-ae1523ff2b0c}</UniqueIdentifier>
    </Filter>
    <Filter Include="ResourcesMgr">
      <UniqueIdentifier>{e3dc0d01-b08b-445e-ab57-9490c043b0d7}</UniqueIdentifier>
    </Filter>
  </ItemGroup>
  <ItemGroup>
    <ClInclude Include="stdafx.h">
      <Filter>Misc</Filter>
    </ClInclude>
    <ClInclude Include="Window.h">
      <Filter>Windows</Filter>
    </ClInclude>
    <ClInclude Include="targetver.h">
      <Filter>Misc\VS-files</Filter>
    </ClInclude>
    <ClInclude Include="EmptyWindow.h">
      <Filter>Windows</Filter>
    </ClInclude>
    <ClInclude Include="Animation.h">
      <Filter>Graphics\Animation</Filter>
    </ClInclude>
    <ClInclude Include="Event.h">
      <Filter>Events</Filter>
    </ClInclude>
    <ClInclude Include="EventsMgr.h">
      <Filter>Events</Filter>
    </ClInclude>
    <ClInclude Include="ResourcesMgr.h">
      <Filter>ResourcesMgr</Filter>
    </ClInclude>
    <ClInclude Include="TasksMgr.h">
      <Filter>Tasks</Filter>
    </ClInclude>
    <ClInclude Include="Displayable.h">
      <Filter>Graphics</Filter>
    </ClInclude>
    <ClInclude Include="Particle.h">
      <Filter>Graphics\Particle</Filter>
    </ClInclude>
    <ClInclude Include="FileMgr.h">
      <Filter>Files</Filter>
    </ClInclude>
    <ClInclude Include="Config.h">
      <Filter>Files\Config</Filter>
    </ClInclude>
    <ClInclude Include="Node.h">
      <Filter>Files\Config</Filter>
    </ClInclude>
    <ClInclude Include="ParticleGun.h">
      <Filter>Graphics\Particle</Filter>
    </ClInclude>
    <ClInclude Include="ParticleMaster.h">
      <Filter>Graphics\Particle</Filter>
    </ClInclude>
    <ClInclude Include="Logger.h">
      <Filter>Files\Logger</Filter>
    </ClInclude>
    <ClInclude Include="Utils.h">
      <Filter>Utils</Filter>
    </ClInclude>
    <ClInclude Include="TasksVector.h">
      <Filter>Tasks</Filter>
    </ClInclude>
    <ClInclude Include="EventsVector.h">
      <Filter>Events</Filter>
    </ClInclude>
    <ClInclude Include="TaskData.h">
      <Filter>Tasks</Filter>
    </ClInclude>
    <ClInclude Include="EventData.h">
      <Filter>Events</Filter>
    </ClInclude>
    <ClInclude Include="TaskTimer.h">
      <Filter>Tasks</Filter>
    </ClInclude>
  </ItemGroup>
  <ItemGroup>
    <ClCompile Include="Window.cpp">
      <Filter>Windows</Filter>
    </ClCompile>
    <ClCompile Include="stdafx.cpp">
      <Filter>Misc\VS-files</Filter>
    </ClCompile>
    <ClCompile Include="Animation.cpp">
      <Filter>Graphics\Animation</Filter>
    </ClCompile>
    <ClCompile Include="Event.cpp">
      <Filter>Events</Filter>
    </ClCompile>
    <ClCompile Include="EventsMgr.cpp">
      <Filter>Events</Filter>
    </ClCompile>
    <ClCompile Include="ResourcesMgr.cpp">
      <Filter>ResourcesMgr</Filter>
    </ClCompile>
    <ClCompile Include="TasksMgr.cpp">
      <Filter>Tasks</Filter>
    </ClCompile>
    <ClCompile Include="Displayable.cpp">
      <Filter>Graphics</Filter>
    </ClCompile>
    <ClCompile Include="FileMgr.cpp">
      <Filter>Files</Filter>
    </ClCompile>
    <ClCompile Include="Config.cpp">
      <Filter>Files\Config</Filter>
    </ClCompile>
    <ClCompile Include="Particle.cpp">
      <Filter>Graphics\Particle</Filter>
    </ClCompile>
    <ClCompile Include="ParticleState.cpp">
      <Filter>Graphics\Particle</Filter>
    </ClCompile>
    <ClCompile Include="ParticleGun.cpp">
      <Filter>Graphics\Particle</Filter>
    </ClCompile>
    <ClCompile Include="ParticleMaster.cpp">
      <Filter>Graphics\Particle</Filter>
    </ClCompile>
    <ClCompile Include="Logger.cpp">
      <Filter>Files\Logger</Filter>
    </ClCompile>
    <ClCompile Include="Utils.cpp">
      <Filter>Utils</Filter>
    </ClCompile>
    <ClCompile Include="Noise.cpp">
      <Filter>Utils</Filter>
    </ClCompile>
    <ClCompile Include="Node.cpp">
      <Filter>Files\Config</Filter>
    </ClCompile>
    <ClCompile Include="TasksVector.cpp">
      <Filter>Tasks</Filter>
    </ClCompile>
    <ClCompile Include="EventsVector.cpp">
      <Filter>Events</Filter>
    </ClCompile>
  </ItemGroup>
  <ItemGroup>
    <Text Include="ReadMe.txt">
      <Filter>Misc\VS-files</Filter>
    </Text>
  </ItemGroup>
</Project>